
Microsoft Visual Studio Solution File, Format Version 12.00
# Visual Studio Version 16
VisualStudioVersion = 16.0.33027.164
MinimumVisualStudioVersion = 10.0.40219.1
Project("{FAE04EC0-301F-11D3-BF4B-00C04F79EFBC}") = "PersonnelManagement", "PersonnelManagement\PersonnelManagement.csproj", "{4EB21C78-DE1C-41C4-957A-A6D1908CEE70}"
EndProject
Global
	GlobalSection(SolutionConfigurationPlatforms) = preSolution
		Debug|Any CPU = Debug|Any CPU
		Release|Any CPU = Release|Any CPU
	EndGlobalSection
	GlobalSection(ProjectConfigurationPlatforms) = postSolution
		{4EB21C78-DE1C-41C4-957A-A6D1908CEE70}.Debug|Any CPU.ActiveCfg = Debug|Any CPU
		{4EB21C78-DE1C-41C4-957A-A6D1908CEE70}.Debug|Any CPU.Build.0 = Debug|Any CPU
		{4EB21C78-DE1C-41C4-957A-A6D1908CEE70}.Release|Any CPU.ActiveCfg = Release|Any CPU
		{4EB21C78-DE1C-41C4-957A-A6D1908CEE70}.Release|Any CPU.Build.0 = Release|Any CPU
	EndGlobalSection
	GlobalSection(SolutionProperties) = preSolution
		HideSolutionNode = FALSE
	EndGlobalSection
	GlobalSection(ExtensibilityGlobals) = postSolution
		SolutionGuid = {8009F46B-6D07-438B-80A6-69A746AB12A3}
	EndGlobalSection
EndGlobal
